// !$*UTF8*$!
{
	archiveVersion = 1;
	classes = {
	};
	objectVersion = 46;
	objects = {

/* Begin PBXBuildFile section */
		7899B11C1A58024500ED0DC7 /* main.m in Sources */ = {isa = PBXBuildFile; fileRef = 7899B11B1A58024500ED0DC7 /* main.m */; };
		7899B11F1A58024500ED0DC7 /* AppDelegate.m in Sources */ = {isa = PBXBuildFile; fileRef = 7899B11E1A58024500ED0DC7 /* AppDelegate.m */; };
		7899B1221A58024500ED0DC7 /* ViewController.m in Sources */ = {isa = PBXBuildFile; fileRef = 7899B1211A58024500ED0DC7 /* ViewController.m */; };
		7899B1251A58024500ED0DC7 /* Main.storyboard in Resources */ = {isa = PBXBuildFile; fileRef = 7899B1231A58024500ED0DC7 /* Main.storyboard */; };
		7899B1271A58024500ED0DC7 /* Images.xcassets in Resources */ = {isa = PBXBuildFile; fileRef = 7899B1261A58024500ED0DC7 /* Images.xcassets */; };
		7899B12A1A58024500ED0DC7 /* LaunchScreen.xib in Resources */ = {isa = PBXBuildFile; fileRef = 7899B1281A58024500ED0DC7 /* LaunchScreen.xib */; };
		7899B1361A58024600ED0DC7 /* HelloWorldTests.m in Sources */ = {isa = PBXBuildFile; fileRef = 7899B1351A58024600ED0DC7 /* HelloWorldTests.m */; };
/* End PBXBuildFile section */

/* Begin PBXContainerItemProxy section */
		7899B1301A58024600ED0DC7 /* PBXContainerItemProxy */ = {
			isa = PBXContainerItemProxy;
			containerPortal = 7899B10E1A58024500ED0DC7 /* Project object */;
			proxyType = 1;
			remoteGlobalIDString = 7899B1151A58024500ED0DC7;
			remoteInfo = HelloWorld;
		};
/* End PBXContainerItemProxy section */

/* Begin PBXFileReference section */
		7899B1161A58024500ED0DC7 /* HelloWorld.app */ = {isa = PBXFileReference; explicitFileType = wrapper.application; includeInIndex = 0; path = HelloWorld.app; sourceTree = BUILT_PRODUCTS_DIR; };
		7899B11A1A58024500ED0DC7 /* Info.plist */ = {isa = PBXFileReference; lastKnownFileType = text.plist.xml; path = Info.plist; sourceTree = "<group>"; };
		7899B11B1A58024500ED0DC7 /* main.m */ = {isa = PBXFileReference; lastKnownFileType = sourcecode.c.objc; path = main.m; sourceTree = "<group>"; };
		7899B11D1A58024500ED0DC7 /* AppDelegate.h */ = {isa = PBXFileReference; lastKnownFileType = sourcecode.c.h; path = AppDelegate.h; sourceTree = "<group>"; };
		7899B11E1A58024500ED0DC7 /* AppDelegate.m */ = {isa = PBXFileReference; lastKnownFileType = sourcecode.c.objc; path = AppDelegate.m; sourceTree = "<group>"; };
		7899B1201A58024500ED0DC7 /* ViewController.h */ = {isa = PBXFileReference; lastKnownFileType = sourcecode.c.h; path = ViewController.h; sourceTree = "<group>"; };
		7899B1211A58024500ED0DC7 /* ViewController.m */ = {isa = PBXFileReference; lastKnownFileType = sourcecode.c.objc; path = ViewController.m; sourceTree = "<group>"; };
		7899B1241A58024500ED0DC7 /* Base */ = {isa = PBXFileReference; lastKnownFileType = file.storyboard; name = Base; path = Base.lproj/Main.storyboard; sourceTree = "<group>"; };
		7899B1261A58024500ED0DC7 /* Images.xcassets */ = {isa = PBXFileReference; lastKnownFileType = folder.assetcatalog; path = Images.xcassets; sourceTree = "<group>"; };
		7899B1291A58024500ED0DC7 /* Base */ = {isa = PBXFileReference; lastKnownFileType = file.xib; name = Base; path = Base.lproj/LaunchScreen.xib; sourceTree = "<group>"; };
		7899B12F1A58024600ED0DC7 /* HelloWorldTests.xctest */ = {isa = PBXFileReference; explicitFileType = wrapper.cfbundle; includeInIndex = 0; path = HelloWorldTests.xctest; sourceTree = BUILT_PRODUCTS_DIR; };
		7899B1341A58024600ED0DC7 /* Info.plist */ = {isa = PBXFileReference; lastKnownFileType = text.plist.xml; path = Info.plist; sourceTree = "<group>"; };
		7899B1351A58024600ED0DC7 /* HelloWorldTests.m */ = {isa = PBXFileReference; lastKnownFileType = sourcecode.c.objc; path = HelloWorldTests.m; sourceTree = "<group>"; };
/* End PBXFileReference section */

/* Begin PBXFrameworksBuildPhase section */
		7899B1131A58024500ED0DC7 /* Frameworks */ = {
			isa = PBXFrameworksBuildPhase;
			buildActionMask = 2147483647;
			files = (
			);
			runOnlyForDeploymentPostprocessing = 0;
		};
		7899B12C1A58024600ED0DC7 /* Frameworks */ = {
			isa = PBXFrameworksBuildPhase;
			buildActionMask = 2147483647;
			files = (
			);
			runOnlyForDeploymentPostprocessing = 0;
		};
/* End PBXFrameworksBuildPhase section */

/* Begin PBXGroup section */
		7899B10D1A58024500ED0DC7 = {
			isa = PBXGroup;
			children = (
				7899B1181A58024500ED0DC7 /* HelloWorld */,
				7899B1321A58024600ED0DC7 /* HelloWorldTests */,
				7899B1171A58024500ED0DC7 /* Products */,
			);
			sourceTree = "<group>";
		};
		7899B1171A58024500ED0DC7 /* Products */ = {
			isa = PBXGroup;
			children = (
				7899B1161A58024500ED0DC7 /* HelloWorld.app */,
				7899B12F1A58024600ED0DC7 /* HelloWorldTests.xctest */,
			);
			name = Products;
			sourceTree = "<group>";
		};
		7899B1181A58024500ED0DC7 /* HelloWorld */ = {
			isa = PBXGroup;
			children = (
				7899B11D1A58024500ED0DC7 /* AppDelegate.h */,
				7899B11E1A58024500ED0DC7 /* AppDelegate.m */,
				7899B1201A58024500ED0DC7 /* ViewController.h */,
				7899B1211A58024500ED0DC7 /* ViewController.m */,
				7899B1231A58024500ED0DC7 /* Main.storyboard */,
				7899B1261A58024500ED0DC7 /* Images.xcassets */,
				7899B1281A58024500ED0DC7 /* LaunchScreen.xib */,
				7899B1191A58024500ED0DC7 /* Supporting Files */,
			);
			path = HelloWorld;
			sourceTree = "<group>";
		};
		7899B1191A58024500ED0DC7 /* Supporting Files */ = {
			isa = PBXGroup;
			children = (
				7899B11A1A58024500ED0DC7 /* Info.plist */,
				7899B11B1A58024500ED0DC7 /* main.m */,
			);
			name = "Supporting Files";
			sourceTree = "<group>";
		};
		7899B1321A58024600ED0DC7 /* HelloWorldTests */ = {
			isa = PBXGroup;
			children = (
				7899B1351A58024600ED0DC7 /* HelloWorldTests.m */,
				7899B1331A58024600ED0DC7 /* Supporting Files */,
			);
			path = HelloWorldTests;
			sourceTree = "<group>";
		};
		7899B1331A58024600ED0DC7 /* Supporting Files */ = {
			isa = PBXGroup;
			children = (
				7899B1341A58024600ED0DC7 /* Info.plist */,
			);
			name = "Supporting Files";
			sourceTree = "<group>";
		};
/* End PBXGroup section */

/* Begin PBXNativeTarget section */
		7899B1151A58024500ED0DC7 /* HelloWorld */ = {
			isa = PBXNativeTarget;
			buildConfigurationList = 7899B1391A58024600ED0DC7 /* Build configuration list for PBXNativeTarget "HelloWorld" */;
			buildPhases = (
				7899B1121A58024500ED0DC7 /* Sources */,
				7899B1131A58024500ED0DC7 /* Frameworks */,
				7899B1141A58024500ED0DC7 /* Resources */,
			);
			buildRules = (
			);
			dependencies = (
			);
			name = HelloWorld;
			productName = HelloWorld;
			productReference = 7899B1161A58024500ED0DC7 /* HelloWorld.app */;
			productType = "com.apple.product-type.application";
		};
		7899B12E1A58024600ED0DC7 /* HelloWorldTests */ = {
			isa = PBXNativeTarget;
			buildConfigurationList = 7899B13C1A58024600ED0DC7 /* Build configuration list for PBXNativeTarget "HelloWorldTests" */;
			buildPhases = (
				7899B12B1A58024600ED0DC7 /* Sources */,
				7899B12C1A58024600ED0DC7 /* Frameworks */,
				7899B12D1A58024600ED0DC7 /* Resources */,
			);
			buildRules = (
			);
			dependencies = (
				7899B1311A58024600ED0DC7 /* PBXTargetDependency */,
			);
			name = HelloWorldTests;
			productName = HelloWorldTests;
			productReference = 7899B12F1A58024600ED0DC7 /* HelloWorldTests.xctest */;
			productType = "com.apple.product-type.bundle.unit-test";
		};
/* End PBXNativeTarget section */

/* Begin PBXProject section */
		7899B10E1A58024500ED0DC7 /* Project object */ = {
			isa = PBXProject;
			attributes = {
				LastUpgradeCheck = 0610;
				ORGANIZATIONNAME = "Wang Xu";
				TargetAttributes = {
					7899B1151A58024500ED0DC7 = {
						CreatedOnToolsVersion = 6.1.1;
						DevelopmentTeam = 8BWE69EUUJ;
					};
					7899B12E1A58024600ED0DC7 = {
						CreatedOnToolsVersion = 6.1.1;
						TestTargetID = 7899B1151A58024500ED0DC7;
					};
				};
			};
			buildConfigurationList = 7899B1111A58024500ED0DC7 /* Build configuration list for PBXProject "HelloWorld" */;
			compatibilityVersion = "Xcode 3.2";
			developmentRegion = English;
			hasScannedForEncodings = 0;
			knownRegions = (
				en,
				Base,
			);
			mainGroup = 7899B10D1A58024500ED0DC7;
			productRefGroup = 7899B1171A58024500ED0DC7 /* Products */;
			projectDirPath = "";
			projectRoot = "";
			targets = (
				7899B1151A58024500ED0DC7 /* HelloWorld */,
				7899B12E1A58024600ED0DC7 /* HelloWorldTests */,
			);
		};
/* End PBXProject section */

/* Begin PBXResourcesBuildPhase section */
		7899B1141A58024500ED0DC7 /* Resources */ = {
			isa = PBXResourcesBuildPhase;
			buildActionMask = 2147483647;
			files = (
				7899B1251A58024500ED0DC7 /* Main.storyboard in Resources */,
				7899B12A1A58024500ED0DC7 /* LaunchScreen.xib in Resources */,
				7899B1271A58024500ED0DC7 /* Images.xcassets in Resources */,
			);
			runOnlyForDeploymentPostprocessing = 0;
		};
		7899B12D1A58024600ED0DC7 /* Resources */ = {
			isa = PBXResourcesBuildPhase;
			buildActionMask = 2147483647;
			files = (
			);
			runOnlyForDeploymentPostprocessing = 0;
		};
/* End PBXResourcesBuildPhase section */

/* Begin PBXSourcesBuildPhase section */
		7899B1121A58024500ED0DC7 /* Sources */ = {
			isa = PBXSourcesBuildPhase;
			buildActionMask = 2147483647;
			files = (
				7899B1221A58024500ED0DC7 /* ViewController.m in Sources */,
				7899B11F1A58024500ED0DC7 /* AppDelegate.m in Sources */,
				7899B11C1A58024500ED0DC7 /* main.m in Sources */,
			);
			runOnlyForDeploymentPostprocessing = 0;
		};
		7899B12B1A58024600ED0DC7 /* Sources */ = {
			isa = PBXSourcesBuildPhase;
			buildActionMask = 2147483647;
			files = (
				7899B1361A58024600ED0DC7 /* HelloWorldTests.m in Sources */,
			);
			runOnlyForDeploymentPostprocessing = 0;
		};
/* End PBXSourcesBuildPhase section */

/* Begin PBXTargetDependency section */
		7899B1311A58024600ED0DC7 /* PBXTargetDependency */ = {
			isa = PBXTargetDependency;
			target = 7899B1151A58024500ED0DC7 /* HelloWorld */;
			targetProxy = 7899B1301A58024600ED0DC7 /* PBXContainerItemProxy */;
		};
/* End PBXTargetDependency section */

/* Begin PBXVariantGroup section */
		7899B1231A58024500ED0DC7 /* Main.storyboard */ = {
			isa = PBXVariantGroup;
			children = (
				7899B1241A58024500ED0DC7 /* Base */,
			);
			name = Main.storyboard;
			sourceTree = "<group>";
		};
		7899B1281A58024500ED0DC7 /* LaunchScreen.xib */ = {
			isa = PBXVariantGroup;
			children = (
				7899B1291A58024500ED0DC7 /* Base */,
			);
			name = LaunchScreen.xib;
			sourceTree = "<group>";
		};
/* End PBXVariantGroup section */

/* Begin XCBuildConfiguration section */
		7899B1371A58024600ED0DC7 /* Debug */ = {
			isa = XCBuildConfiguration;
			buildSettings = {
				ALWAYS_SEARCH_USER_PATHS = NO;
				CLANG_CXX_LANGUAGE_STANDARD = "gnu++0x";
				CLANG_CXX_LIBRARY = "libc++";
				CLANG_ENABLE_MODULES = YES;
				CLANG_ENABLE_OBJC_ARC = YES;
				CLANG_WARN_BOOL_CONVERSION = YES;
				CLANG_WARN_CONSTANT_CONVERSION = YES;
				CLANG_WARN_DIRECT_OBJC_ISA_USAGE = YES_ERROR;
				CLANG_WARN_EMPTY_BODY = YES;
				CLANG_WARN_ENUM_CONVERSION = YES;
				CLANG_WARN_INT_CONVERSION = YES;
				CLANG_WARN_OBJC_ROOT_CLASS = YES_ERROR;
				CLANG_WARN_UNREACHABLE_CODE = YES;
				CLANG_WARN__DUPLICATE_METHOD_MATCH = YES;
				"CODE_SIGN_IDENTITY[sdk=iphoneos*]" = "iPhone Developer";
				COPY_PHASE_STRIP = NO;
				ENABLE_STRICT_OBJC_MSGSEND = YES;
				GCC_C_LANGUAGE_STANDARD = gnu99;
				GCC_DYNAMIC_NO_PIC = NO;
				GCC_OPTIMIZATION_LEVEL = 0;
				GCC_PREPROCESSOR_DEFINITIONS = (
					"DEBUG=1",
					"$(inherited)",
				);
				GCC_SYMBOLS_PRIVATE_EXTERN = NO;
				GCC_WARN_64_TO_32_BIT_CONVERSION = YES;
				GCC_WARN_ABOUT_RETURN_TYPE = YES_ERROR;
				GCC_WARN_UNDECLARED_SELECTOR = YES;
				GCC_WARN_UNINITIALIZED_AUTOS = YES_AGGRESSIVE;
				GCC_WARN_UNUSED_FUNCTION = YES;
				GCC_WARN_UNUSED_VARIABLE = YES;
				IPHONEOS_DEPLOYMENT_TARGET = 8.1;
				MTL_ENABLE_DEBUG_INFO = YES;
				ONLY_ACTIVE_ARCH = YES;
				SDKROOT = iphoneos;
				TARGETED_DEVICE_FAMILY = "1,2";
			};
			name = Debug;
		};
		7899B1381A58024600ED0DC7 /* Release */ = {
			isa = XCBuildConfiguration;
			buildSettings = {
				ALWAYS_SEARCH_USER_PATHS = NO;
				CLANG_CXX_LANGUAGE_STANDARD = "gnu++0x";
				CLANG_CXX_LIBRARY = "libc++";
				CLANG_ENABLE_MODULES = YES;
				CLANG_ENABLE_OBJC_ARC = YES;
				CLANG_WARN_BOOL_CONVERSION = YES;
				CLANG_WARN_CONSTANT_CONVERSION = YES;
				CLANG_WARN_DIRECT_OBJC_ISA_USAGE = YES_ERROR;
				CLANG_WARN_EMPTY_BODY = YES;
				CLANG_WARN_ENUM_CONVERSION = YES;
				CLANG_WARN_INT_CONVERSION = YES;
				CLANG_WARN_OBJC_ROOT_CLASS = YES_ERROR;
				CLANG_WARN_UNREACHABLE_CODE = YES;
				CLANG_WARN__DUPLICATE_METHOD_MATCH = YES;
				"CODE_SIGN_IDENTITY[sdk=iphoneos*]" = "iPhone Developer";
				COPY_PHASE_STRIP = YES;
				ENABLE_NS_ASSERTIONS = NO;
				ENABLE_STRICT_OBJC_MSGSEND = YES;
				GCC_C_LANGUAGE_STANDARD = gnu99;
				GCC_WARN_64_TO_32_BIT_CONVERSION = YES;
				GCC_WARN_ABOUT_RETURN_TYPE = YES_ERROR;
				GCC_WARN_UNDECLARED_SELECTOR = YES;
				GCC_WARN_UNINITIALIZED_AUTOS = YES_AGGRESSIVE;
				GCC_WARN_UNUSED_FUNCTION = YES;
				GCC_WARN_UNUSED_VARIABLE = YES;
				IPHONEOS_DEPLOYMENT_TARGET = 8.1;
				MTL_ENABLE_DEBUG_INFO = NO;
				SDKROOT = iphoneos;
				TARGETED_DEVICE_FAMILY = "1,2";
				VALIDATE_PRODUCT = YES;
			};
			name = Release;
		};
		7899B13A1A58024600ED0DC7 /* Debug */ = {
			isa = XCBuildConfiguration;
			buildSettings = {
				ASSETCATALOG_COMPILER_APPICON_NAME = AppIcon;
				CODE_SIGN_IDENTITY = "iPhone Developer";
				INFOPLIST_FILE = HelloWorld/Info.plist;
				LD_RUNPATH_SEARCH_PATHS = "$(inherited) @executable_path/Frameworks";
				PRODUCT_NAME = "$(TARGET_NAME)";
			};
			name = Debug;
		};
		7899B13B1A58024600ED0DC7 /* Release */ = {
			isa = XCBuildConfiguration;
			buildSettings = {
				ASSETCATALOG_COMPILER_APPICON_NAME = AppIcon;
				CODE_SIGN_IDENTITY = "iPhone Developer";
				INFOPLIST_FILE = HelloWorld/Info.plist;
				LD_RUNPATH_SEARCH_PATHS = "$(inherited) @executable_path/Frameworks";
				PRODUCT_NAME = "$(TARGET_NAME)";
			};
			name = Release;
		};
		7899B13D1A58024600ED0DC7 /* Debug */ = {
			isa = XCBuildConfiguration;
			buildSettings = {
				BUNDLE_LOADER = "$(TEST_HOST)";
				FRAMEWORK_SEARCH_PATHS = (
					"$(SDKROOT)/Developer/Library/Frameworks",
					"$(inherited)",
				);
				GCC_PREPROCESSOR_DEFINITIONS = (
					"DEBUG=1",
					"$(inherited)",
				);
				INFOPLIST_FILE = HelloWorldTests/Info.plist;
				LD_RUNPATH_SEARCH_PATHS = "$(inherited) @executable_path/Frameworks @loader_path/Frameworks";
				PRODUCT_NAME = "$(TARGET_NAME)";
				TEST_HOST = "$(BUILT_PRODUCTS_DIR)/HelloWorld.app/HelloWorld";
			};
			name = Debug;
		};
		7899B13E1A58024600ED0DC7 /* Release */ = {
			isa = XCBuildConfiguration;
			buildSettings = {
				BUNDLE_LOADER = "$(TEST_HOST)";
				FRAMEWORK_SEARCH_PATHS = (
					"$(SDKROOT)/Developer/Library/Frameworks",
					"$(inherited)",
				);
				INFOPLIST_FILE = HelloWorldTests/Info.plist;
				LD_RUNPATH_SEARCH_PATHS = "$(inherited) @executable_path/Frameworks @loader_path/Frameworks";
				PRODUCT_NAME = "$(TARGET_NAME)";
				TEST_HOST = "$(BUILT_PRODUCTS_DIR)/HelloWorld.app/HelloWorld";
			};
			name = Release;
		};
/* End XCBuildConfiguration section */

/* Begin XCConfigurationList section */
		7899B1111A58024500ED0DC7 /* Build configuration list for PBXProject "HelloWorld" */ = {
			isa = XCConfigurationList;
			buildConfigurations = (
				7899B1371A58024600ED0DC7 /* Debug */,
				7899B1381A58024600ED0DC7 /* Release */,
			);
			defaultConfigurationIsVisible = 0;
			defaultConfigurationName = Release;
		};
		7899B1391A58024600ED0DC7 /* Build configuration list for PBXNativeTarget "HelloWorld" */ = {
			isa = XCConfigurationList;
			buildConfigurations = (
				7899B13A1A58024600ED0DC7 /* Debug */,
				7899B13B1A58024600ED0DC7 /* Release */,
			);
			defaultConfigurationIsVisible = 0;
		};
		7899B13C1A58024600ED0DC7 /* Build configuration list for PBXNativeTarget "HelloWorldTests" */ = {
			isa = XCConfigurationList;
			buildConfigurations = (
				7899B13D1A58024600ED0DC7 /* Debug */,
				7899B13E1A58024600ED0DC7 /* Release */,
			);
			defaultConfigurationIsVisible = 0;
		};
/* End XCConfigurationList section */
	};
	rootObject = 7899B10E1A58024500ED0DC7 /* Project object */;
}
